// !$*UTF8*$!
{
	archiveVersion = 1;
	classes = {
	};
	objectVersion = 56;
	objects = {

/* Begin PBXBuildFile section */
		BA8F0F2C2AB04A5F0061A69A /* SocialMediaAppApp.swift in Sources */ = {isa = PBXBuildFile; fileRef = BA8F0F2B2AB04A5F0061A69A /* SocialMediaAppApp.swift */; };
		BA8F0F2E2AB04A5F0061A69A /* ContentView.swift in Sources */ = {isa = PBXBuildFile; fileRef = BA8F0F2D2AB04A5F0061A69A /* ContentView.swift */; };
		BA8F0F302AB04A600061A69A /* Assets.xcassets in Resources */ = {isa = PBXBuildFile; fileRef = BA8F0F2F2AB04A600061A69A /* Assets.xcassets */; };
		BA8F0F342AB04A600061A69A /* Preview Assets.xcassets in Resources */ = {isa = PBXBuildFile; fileRef = BA8F0F332AB04A600061A69A /* Preview Assets.xcassets */; };
		BA8F0F3C2AB190BF0061A69A /* GoogleService-Info.plist in Resources */ = {isa = PBXBuildFile; fileRef = BA8F0F3B2AB190BE0061A69A /* GoogleService-Info.plist */; };
		BA8F0F3F2AB1921B0061A69A /* FirebaseAuth in Frameworks */ = {isa = PBXBuildFile; productRef = BA8F0F3E2AB1921B0061A69A /* FirebaseAuth */; };
		BA8F0F412AB1921B0061A69A /* FirebaseDatabase in Frameworks */ = {isa = PBXBuildFile; productRef = BA8F0F402AB1921B0061A69A /* FirebaseDatabase */; };
		BA8F0F432AB1921C0061A69A /* FirebaseDatabaseSwift in Frameworks */ = {isa = PBXBuildFile; productRef = BA8F0F422AB1921C0061A69A /* FirebaseDatabaseSwift */; };
		BA8F0F452AB1921C0061A69A /* FirebaseFirestore in Frameworks */ = {isa = PBXBuildFile; productRef = BA8F0F442AB1921C0061A69A /* FirebaseFirestore */; };
		BA8F0F472AB1921C0061A69A /* FirebaseFirestoreCombine-Community in Frameworks */ = {isa = PBXBuildFile; productRef = BA8F0F462AB1921C0061A69A /* FirebaseFirestoreCombine-Community */; };
		BA8F0F492AB1921C0061A69A /* FirebaseFirestoreSwift in Frameworks */ = {isa = PBXBuildFile; productRef = BA8F0F482AB1921C0061A69A /* FirebaseFirestoreSwift */; };
		BA8F0F4B2AB1921C0061A69A /* FirebaseStorage in Frameworks */ = {isa = PBXBuildFile; productRef = BA8F0F4A2AB1921C0061A69A /* FirebaseStorage */; };
		BA8F0F4D2AB1921C0061A69A /* FirebaseStorageCombine-Community in Frameworks */ = {isa = PBXBuildFile; productRef = BA8F0F4C2AB1921C0061A69A /* FirebaseStorageCombine-Community */; };
		BA8F0F572AB1A37F0061A69A /* SignupView.swift in Sources */ = {isa = PBXBuildFile; fileRef = BA8F0F562AB1A37F0061A69A /* SignupView.swift */; };
		BA8F0F5A2AB1A9970061A69A /* LoginView.swift in Sources */ = {isa = PBXBuildFile; fileRef = BA8F0F592AB1A9970061A69A /* LoginView.swift */; };
		BA8F0F622AB1B0D20061A69A /* InputField.swift in Sources */ = {isa = PBXBuildFile; fileRef = BA8F0F612AB1B0D20061A69A /* InputField.swift */; };
		BA8F0F672AB1C2A00061A69A /* ProfileView.swift in Sources */ = {isa = PBXBuildFile; fileRef = BA8F0F662AB1C2A00061A69A /* ProfileView.swift */; };
		BA8F0F692AB1C3550061A69A /* Modifier.swift in Sources */ = {isa = PBXBuildFile; fileRef = BA8F0F682AB1C3550061A69A /* Modifier.swift */; };
		BA8F0F6B2AB1C5100061A69A /* UserModel.swift in Sources */ = {isa = PBXBuildFile; fileRef = BA8F0F6A2AB1C5100061A69A /* UserModel.swift */; };
		BAD6ADE42AB3950D008718D7 /* SettingRowView.swift in Sources */ = {isa = PBXBuildFile; fileRef = BAD6ADE32AB3950D008718D7 /* SettingRowView.swift */; };
		BAD6ADE72AB399D6008718D7 /* SignupViewModel.swift in Sources */ = {isa = PBXBuildFile; fileRef = BAD6ADE62AB399D6008718D7 /* SignupViewModel.swift */; };
		E8A07B4A2AB08C83004B7409 /* .gitignore in Resources */ = {isa = PBXBuildFile; fileRef = E8A07B492AB08C83004B7409 /* .gitignore */; };
/* End PBXBuildFile section */

/* Begin PBXFileReference section */
		BA8F0F282AB04A5F0061A69A /* SocialMediaApp.app */ = {isa = PBXFileReference; explicitFileType = wrapper.application; includeInIndex = 0; path = SocialMediaApp.app; sourceTree = BUILT_PRODUCTS_DIR; };
		BA8F0F2B2AB04A5F0061A69A /* SocialMediaAppApp.swift */ = {isa = PBXFileReference; lastKnownFileType = sourcecode.swift; path = SocialMediaAppApp.swift; sourceTree = "<group>"; };
		BA8F0F2D2AB04A5F0061A69A /* ContentView.swift */ = {isa = PBXFileReference; lastKnownFileType = sourcecode.swift; path = ContentView.swift; sourceTree = "<group>"; };
		BA8F0F2F2AB04A600061A69A /* Assets.xcassets */ = {isa = PBXFileReference; lastKnownFileType = folder.assetcatalog; path = Assets.xcassets; sourceTree = "<group>"; };
		BA8F0F312AB04A600061A69A /* SocialMediaApp.entitlements */ = {isa = PBXFileReference; lastKnownFileType = text.plist.entitlements; path = SocialMediaApp.entitlements; sourceTree = "<group>"; };
		BA8F0F332AB04A600061A69A /* Preview Assets.xcassets */ = {isa = PBXFileReference; lastKnownFileType = folder.assetcatalog; path = "Preview Assets.xcassets"; sourceTree = "<group>"; };
		BA8F0F3B2AB190BE0061A69A /* GoogleService-Info.plist */ = {isa = PBXFileReference; fileEncoding = 4; lastKnownFileType = text.plist.xml; path = "GoogleService-Info.plist"; sourceTree = "<group>"; };
		BA8F0F562AB1A37F0061A69A /* SignupView.swift */ = {isa = PBXFileReference; lastKnownFileType = sourcecode.swift; path = SignupView.swift; sourceTree = "<group>"; };
		BA8F0F592AB1A9970061A69A /* LoginView.swift */ = {isa = PBXFileReference; lastKnownFileType = sourcecode.swift; path = LoginView.swift; sourceTree = "<group>"; };
		BA8F0F612AB1B0D20061A69A /* InputField.swift */ = {isa = PBXFileReference; lastKnownFileType = sourcecode.swift; path = InputField.swift; sourceTree = "<group>"; };
		BA8F0F662AB1C2A00061A69A /* ProfileView.swift */ = {isa = PBXFileReference; lastKnownFileType = sourcecode.swift; path = ProfileView.swift; sourceTree = "<group>"; };
		BA8F0F682AB1C3550061A69A /* Modifier.swift */ = {isa = PBXFileReference; lastKnownFileType = sourcecode.swift; path = Modifier.swift; sourceTree = "<group>"; };
		BA8F0F6A2AB1C5100061A69A /* UserModel.swift */ = {isa = PBXFileReference; lastKnownFileType = sourcecode.swift; path = UserModel.swift; sourceTree = "<group>"; };
		BAD6ADE32AB3950D008718D7 /* SettingRowView.swift */ = {isa = PBXFileReference; lastKnownFileType = sourcecode.swift; path = SettingRowView.swift; sourceTree = "<group>"; };
		BAD6ADE62AB399D6008718D7 /* SignupViewModel.swift */ = {isa = PBXFileReference; lastKnownFileType = sourcecode.swift; path = SignupViewModel.swift; sourceTree = "<group>"; };
		E8A07B492AB08C83004B7409 /* .gitignore */ = {isa = PBXFileReference; lastKnownFileType = text; path = .gitignore; sourceTree = "<group>"; };
/* End PBXFileReference section */

/* Begin PBXFrameworksBuildPhase section */
		BA8F0F252AB04A5E0061A69A /* Frameworks */ = {
			isa = PBXFrameworksBuildPhase;
			buildActionMask = 2147483647;
			files = (
				BA8F0F432AB1921C0061A69A /* FirebaseDatabaseSwift in Frameworks */,
				BA8F0F452AB1921C0061A69A /* FirebaseFirestore in Frameworks */,
				BA8F0F4D2AB1921C0061A69A /* FirebaseStorageCombine-Community in Frameworks */,
				BA8F0F412AB1921B0061A69A /* FirebaseDatabase in Frameworks */,
				BA8F0F472AB1921C0061A69A /* FirebaseFirestoreCombine-Community in Frameworks */,
				BA8F0F4B2AB1921C0061A69A /* FirebaseStorage in Frameworks */,
				BA8F0F3F2AB1921B0061A69A /* FirebaseAuth in Frameworks */,
				BA8F0F492AB1921C0061A69A /* FirebaseFirestoreSwift in Frameworks */,
			);
			runOnlyForDeploymentPostprocessing = 0;
		};
/* End PBXFrameworksBuildPhase section */

/* Begin PBXGroup section */
		BA8F0F1F2AB04A5E0061A69A = {
			isa = PBXGroup;
			children = (
				BA8F0F2A2AB04A5F0061A69A /* SocialMediaApp */,
				BA8F0F292AB04A5F0061A69A /* Products */,
				BAD6ADE82AB3A2B8008718D7 /* Frameworks */,
			);
			sourceTree = "<group>";
		};
		BA8F0F292AB04A5F0061A69A /* Products */ = {
			isa = PBXGroup;
			children = (
				BA8F0F282AB04A5F0061A69A /* SocialMediaApp.app */,
			);
			name = Products;
			sourceTree = "<group>";
		};
		BA8F0F2A2AB04A5F0061A69A /* SocialMediaApp */ = {
			isa = PBXGroup;
			children = (
				BA8F0F652AB1C2010061A69A /* Models */,
				BA8F0F5E2AB1B0770061A69A /* Components */,
				BA8F0F522AB1A34B0061A69A /* Core */,
				BA8F0F3B2AB190BE0061A69A /* GoogleService-Info.plist */,
				BA8F0F2D2AB04A5F0061A69A /* ContentView.swift */,
				BA8F0F2F2AB04A600061A69A /* Assets.xcassets */,
				BA8F0F2B2AB04A5F0061A69A /* SocialMediaAppApp.swift */,
				BA8F0F312AB04A600061A69A /* SocialMediaApp.entitlements */,
				BA8F0F322AB04A600061A69A /* Preview Content */,
				E8A07B492AB08C83004B7409 /* .gitignore */,
			);
			path = SocialMediaApp;
			sourceTree = "<group>";
		};
		BA8F0F322AB04A600061A69A /* Preview Content */ = {
			isa = PBXGroup;
			children = (
				BA8F0F332AB04A600061A69A /* Preview Assets.xcassets */,
			);
			path = "Preview Content";
			sourceTree = "<group>";
		};
		BA8F0F522AB1A34B0061A69A /* Core */ = {
			isa = PBXGroup;
			children = (
				BA8F0F5B2AB1AA2B0061A69A /* Profile */,
				BA8F0F532AB1A3550061A69A /* Authentication */,
			);
			path = Core;
			sourceTree = "<group>";
		};
		BA8F0F532AB1A3550061A69A /* Authentication */ = {
			isa = PBXGroup;
			children = (
				BAD6ADE52AB399B2008718D7 /* ViewModels */,
				BA8F0F542AB1A35F0061A69A /* Views */,
			);
			path = Authentication;
			sourceTree = "<group>";
		};
		BA8F0F542AB1A35F0061A69A /* Views */ = {
			isa = PBXGroup;
			children = (
				BA8F0F562AB1A37F0061A69A /* SignupView.swift */,
				BA8F0F592AB1A9970061A69A /* LoginView.swift */,
			);
			path = Views;
			sourceTree = "<group>";
		};
		BA8F0F5B2AB1AA2B0061A69A /* Profile */ = {
			isa = PBXGroup;
			children = (
				BA8F0F5C2AB1AA320061A69A /* Views */,
			);
			path = Profile;
			sourceTree = "<group>";
		};
		BA8F0F5C2AB1AA320061A69A /* Views */ = {
			isa = PBXGroup;
			children = (
				BA8F0F662AB1C2A00061A69A /* ProfileView.swift */,
			);
			path = Views;
			sourceTree = "<group>";
		};
		BA8F0F5E2AB1B0770061A69A /* Components */ = {
			isa = PBXGroup;
			children = (
				BA8F0F612AB1B0D20061A69A /* InputField.swift */,
				BA8F0F682AB1C3550061A69A /* Modifier.swift */,
				BAD6ADE32AB3950D008718D7 /* SettingRowView.swift */,
			);
			path = Components;
			sourceTree = "<group>";
		};
		BA8F0F652AB1C2010061A69A /* Models */ = {
			isa = PBXGroup;
			children = (
				BA8F0F6A2AB1C5100061A69A /* UserModel.swift */,
			);
			path = Models;
			sourceTree = "<group>";
		};
		BAD6ADE52AB399B2008718D7 /* ViewModels */ = {
			isa = PBXGroup;
			children = (
				BAD6ADE62AB399D6008718D7 /* SignupViewModel.swift */,
			);
			path = ViewModels;
			sourceTree = "<group>";
		};
		BAD6ADE82AB3A2B8008718D7 /* Frameworks */ = {
			isa = PBXGroup;
			children = (
			);
			name = Frameworks;
			sourceTree = "<group>";
		};
/* End PBXGroup section */

/* Begin PBXNativeTarget section */
		BA8F0F272AB04A5E0061A69A /* SocialMediaApp */ = {
			isa = PBXNativeTarget;
			buildConfigurationList = BA8F0F372AB04A600061A69A /* Build configuration list for PBXNativeTarget "SocialMediaApp" */;
			buildPhases = (
				BA8F0F242AB04A5E0061A69A /* Sources */,
				BA8F0F252AB04A5E0061A69A /* Frameworks */,
				BA8F0F262AB04A5E0061A69A /* Resources */,
			);
			buildRules = (
			);
			dependencies = (
			);
			name = SocialMediaApp;
			packageProductDependencies = (
				BA8F0F3E2AB1921B0061A69A /* FirebaseAuth */,
				BA8F0F402AB1921B0061A69A /* FirebaseDatabase */,
				BA8F0F422AB1921C0061A69A /* FirebaseDatabaseSwift */,
				BA8F0F442AB1921C0061A69A /* FirebaseFirestore */,
				BA8F0F462AB1921C0061A69A /* FirebaseFirestoreCombine-Community */,
				BA8F0F482AB1921C0061A69A /* FirebaseFirestoreSwift */,
				BA8F0F4A2AB1921C0061A69A /* FirebaseStorage */,
				BA8F0F4C2AB1921C0061A69A /* FirebaseStorageCombine-Community */,
			);
			productName = SocialMediaApp;
			productReference = BA8F0F282AB04A5F0061A69A /* SocialMediaApp.app */;
			productType = "com.apple.product-type.application";
		};
/* End PBXNativeTarget section */

/* Begin PBXProject section */
		BA8F0F202AB04A5E0061A69A /* Project object */ = {
			isa = PBXProject;
			attributes = {
				BuildIndependentTargetsInParallel = 1;
				LastSwiftUpdateCheck = 1430;
				LastUpgradeCheck = 1430;
				TargetAttributes = {
					BA8F0F272AB04A5E0061A69A = {
						CreatedOnToolsVersion = 14.3.1;
					};
				};
			};
			buildConfigurationList = BA8F0F232AB04A5E0061A69A /* Build configuration list for PBXProject "SocialMediaApp" */;
			compatibilityVersion = "Xcode 14.0";
			developmentRegion = en;
			hasScannedForEncodings = 0;
			knownRegions = (
				en,
				Base,
			);
			mainGroup = BA8F0F1F2AB04A5E0061A69A;
			packageReferences = (
				BA8F0F3D2AB1921B0061A69A /* XCRemoteSwiftPackageReference "firebase-ios-sdk" */,
			);
			productRefGroup = BA8F0F292AB04A5F0061A69A /* Products */;
			projectDirPath = "";
			projectRoot = "";
			targets = (
				BA8F0F272AB04A5E0061A69A /* SocialMediaApp */,
			);
		};
/* End PBXProject section */

/* Begin PBXResourcesBuildPhase section */
		BA8F0F262AB04A5E0061A69A /* Resources */ = {
			isa = PBXResourcesBuildPhase;
			buildActionMask = 2147483647;
			files = (
				BA8F0F342AB04A600061A69A /* Preview Assets.xcassets in Resources */,
				BA8F0F3C2AB190BF0061A69A /* GoogleService-Info.plist in Resources */,
				E8A07B4A2AB08C83004B7409 /* .gitignore in Resources */,
				BA8F0F302AB04A600061A69A /* Assets.xcassets in Resources */,
			);
			runOnlyForDeploymentPostprocessing = 0;
		};
/* End PBXResourcesBuildPhase section */

/* Begin PBXSourcesBuildPhase section */
		BA8F0F242AB04A5E0061A69A /* Sources */ = {
			isa = PBXSourcesBuildPhase;
			buildActionMask = 2147483647;
			files = (
				BA8F0F2E2AB04A5F0061A69A /* ContentView.swift in Sources */,
				BA8F0F2C2AB04A5F0061A69A /* SocialMediaAppApp.swift in Sources */,
				BA8F0F6B2AB1C5100061A69A /* UserModel.swift in Sources */,
				BA8F0F5A2AB1A9970061A69A /* LoginView.swift in Sources */,
				BA8F0F572AB1A37F0061A69A /* SignupView.swift in Sources */,
				BA8F0F672AB1C2A00061A69A /* ProfileView.swift in Sources */,
				BAD6ADE72AB399D6008718D7 /* SignupViewModel.swift in Sources */,
				BA8F0F622AB1B0D20061A69A /* InputField.swift in Sources */,
				BA8F0F692AB1C3550061A69A /* Modifier.swift in Sources */,
				BAD6ADE42AB3950D008718D7 /* SettingRowView.swift in Sources */,
			);
			runOnlyForDeploymentPostprocessing = 0;
		};
/* End PBXSourcesBuildPhase section */

/* Begin XCBuildConfiguration section */
		BA8F0F352AB04A600061A69A /* Debug */ = {
			isa = XCBuildConfiguration;
			buildSettings = {
				ALWAYS_SEARCH_USER_PATHS = NO;
				CLANG_ANALYZER_NONNULL = YES;
				CLANG_ANALYZER_NUMBER_OBJECT_CONVERSION = YES_AGGRESSIVE;
				CLANG_CXX_LANGUAGE_STANDARD = "gnu++20";
				CLANG_ENABLE_MODULES = YES;
				CLANG_ENABLE_OBJC_ARC = YES;
				CLANG_ENABLE_OBJC_WEAK = YES;
				CLANG_WARN_BLOCK_CAPTURE_AUTORELEASING = YES;
				CLANG_WARN_BOOL_CONVERSION = YES;
				CLANG_WARN_COMMA = YES;
				CLANG_WARN_CONSTANT_CONVERSION = YES;
				CLANG_WARN_DEPRECATED_OBJC_IMPLEMENTATIONS = YES;
				CLANG_WARN_DIRECT_OBJC_ISA_USAGE = YES_ERROR;
				CLANG_WARN_DOCUMENTATION_COMMENTS = YES;
				CLANG_WARN_EMPTY_BODY = YES;
				CLANG_WARN_ENUM_CONVERSION = YES;
				CLANG_WARN_INFINITE_RECURSION = YES;
				CLANG_WARN_INT_CONVERSION = YES;
				CLANG_WARN_NON_LITERAL_NULL_CONVERSION = YES;
				CLANG_WARN_OBJC_IMPLICIT_RETAIN_SELF = YES;
				CLANG_WARN_OBJC_LITERAL_CONVERSION = YES;
				CLANG_WARN_OBJC_ROOT_CLASS = YES_ERROR;
				CLANG_WARN_QUOTED_INCLUDE_IN_FRAMEWORK_HEADER = YES;
				CLANG_WARN_RANGE_LOOP_ANALYSIS = YES;
				CLANG_WARN_STRICT_PROTOTYPES = YES;
				CLANG_WARN_SUSPICIOUS_MOVE = YES;
				CLANG_WARN_UNGUARDED_AVAILABILITY = YES_AGGRESSIVE;
				CLANG_WARN_UNREACHABLE_CODE = YES;
				CLANG_WARN__DUPLICATE_METHOD_MATCH = YES;
				COPY_PHASE_STRIP = NO;
				DEBUG_INFORMATION_FORMAT = dwarf;
				ENABLE_STRICT_OBJC_MSGSEND = YES;
				ENABLE_TESTABILITY = YES;
				GCC_C_LANGUAGE_STANDARD = gnu11;
				GCC_DYNAMIC_NO_PIC = NO;
				GCC_NO_COMMON_BLOCKS = YES;
				GCC_OPTIMIZATION_LEVEL = 0;
				GCC_PREPROCESSOR_DEFINITIONS = (
					"DEBUG=1",
					"$(inherited)",
				);
				GCC_WARN_64_TO_32_BIT_CONVERSION = YES;
				GCC_WARN_ABOUT_RETURN_TYPE = YES_ERROR;
				GCC_WARN_UNDECLARED_SELECTOR = YES;
				GCC_WARN_UNINITIALIZED_AUTOS = YES_AGGRESSIVE;
				GCC_WARN_UNUSED_FUNCTION = YES;
				GCC_WARN_UNUSED_VARIABLE = YES;
				MTL_ENABLE_DEBUG_INFO = INCLUDE_SOURCE;
				MTL_FAST_MATH = YES;
				ONLY_ACTIVE_ARCH = YES;
				SWIFT_ACTIVE_COMPILATION_CONDITIONS = DEBUG;
				SWIFT_OPTIMIZATION_LEVEL = "-Onone";
			};
			name = Debug;
		};
		BA8F0F362AB04A600061A69A /* Release */ = {
			isa = XCBuildConfiguration;
			buildSettings = {
				ALWAYS_SEARCH_USER_PATHS = NO;
				CLANG_ANALYZER_NONNULL = YES;
				CLANG_ANALYZER_NUMBER_OBJECT_CONVERSION = YES_AGGRESSIVE;
				CLANG_CXX_LANGUAGE_STANDARD = "gnu++20";
				CLANG_ENABLE_MODULES = YES;
				CLANG_ENABLE_OBJC_ARC = YES;
				CLANG_ENABLE_OBJC_WEAK = YES;
				CLANG_WARN_BLOCK_CAPTURE_AUTORELEASING = YES;
				CLANG_WARN_BOOL_CONVERSION = YES;
				CLANG_WARN_COMMA = YES;
				CLANG_WARN_CONSTANT_CONVERSION = YES;
				CLANG_WARN_DEPRECATED_OBJC_IMPLEMENTATIONS = YES;
				CLANG_WARN_DIRECT_OBJC_ISA_USAGE = YES_ERROR;
				CLANG_WARN_DOCUMENTATION_COMMENTS = YES;
				CLANG_WARN_EMPTY_BODY = YES;
				CLANG_WARN_ENUM_CONVERSION = YES;
				CLANG_WARN_INFINITE_RECURSION = YES;
				CLANG_WARN_INT_CONVERSION = YES;
				CLANG_WARN_NON_LITERAL_NULL_CONVERSION = YES;
				CLANG_WARN_OBJC_IMPLICIT_RETAIN_SELF = YES;
				CLANG_WARN_OBJC_LITERAL_CONVERSION = YES;
				CLANG_WARN_OBJC_ROOT_CLASS = YES_ERROR;
				CLANG_WARN_QUOTED_INCLUDE_IN_FRAMEWORK_HEADER = YES;
				CLANG_WARN_RANGE_LOOP_ANALYSIS = YES;
				CLANG_WARN_STRICT_PROTOTYPES = YES;
				CLANG_WARN_SUSPICIOUS_MOVE = YES;
				CLANG_WARN_UNGUARDED_AVAILABILITY = YES_AGGRESSIVE;
				CLANG_WARN_UNREACHABLE_CODE = YES;
				CLANG_WARN__DUPLICATE_METHOD_MATCH = YES;
				COPY_PHASE_STRIP = NO;
				DEBUG_INFORMATION_FORMAT = "dwarf-with-dsym";
				ENABLE_NS_ASSERTIONS = NO;
				ENABLE_STRICT_OBJC_MSGSEND = YES;
				GCC_C_LANGUAGE_STANDARD = gnu11;
				GCC_NO_COMMON_BLOCKS = YES;
				GCC_WARN_64_TO_32_BIT_CONVERSION = YES;
				GCC_WARN_ABOUT_RETURN_TYPE = YES_ERROR;
				GCC_WARN_UNDECLARED_SELECTOR = YES;
				GCC_WARN_UNINITIALIZED_AUTOS = YES_AGGRESSIVE;
				GCC_WARN_UNUSED_FUNCTION = YES;
				GCC_WARN_UNUSED_VARIABLE = YES;
				MTL_ENABLE_DEBUG_INFO = NO;
				MTL_FAST_MATH = YES;
				SWIFT_COMPILATION_MODE = wholemodule;
				SWIFT_OPTIMIZATION_LEVEL = "-O";
			};
			name = Release;
		};
		BA8F0F382AB04A600061A69A /* Debug */ = {
			isa = XCBuildConfiguration;
			buildSettings = {
				ASSETCATALOG_COMPILER_APPICON_NAME = AppIcon;
				ASSETCATALOG_COMPILER_GLOBAL_ACCENT_COLOR_NAME = AccentColor;
				CODE_SIGN_ENTITLEMENTS = SocialMediaApp/SocialMediaApp.entitlements;
				CODE_SIGN_STYLE = Automatic;
				CURRENT_PROJECT_VERSION = 1;
				DEVELOPMENT_ASSET_PATHS = "\"SocialMediaApp/Preview Content\"";
				DEVELOPMENT_TEAM = "";
				ENABLE_HARDENED_RUNTIME = YES;
				ENABLE_PREVIEWS = YES;
				GENERATE_INFOPLIST_FILE = YES;
				"INFOPLIST_KEY_UIApplicationSceneManifest_Generation[sdk=iphoneos*]" = YES;
				"INFOPLIST_KEY_UIApplicationSceneManifest_Generation[sdk=iphonesimulator*]" = YES;
				"INFOPLIST_KEY_UIApplicationSupportsIndirectInputEvents[sdk=iphoneos*]" = YES;
				"INFOPLIST_KEY_UIApplicationSupportsIndirectInputEvents[sdk=iphonesimulator*]" = YES;
				"INFOPLIST_KEY_UILaunchScreen_Generation[sdk=iphoneos*]" = YES;
				"INFOPLIST_KEY_UILaunchScreen_Generation[sdk=iphonesimulator*]" = YES;
				"INFOPLIST_KEY_UIStatusBarStyle[sdk=iphoneos*]" = UIStatusBarStyleDefault;
				"INFOPLIST_KEY_UIStatusBarStyle[sdk=iphonesimulator*]" = UIStatusBarStyleDefault;
				INFOPLIST_KEY_UISupportedInterfaceOrientations_iPad = "UIInterfaceOrientationPortrait UIInterfaceOrientationPortraitUpsideDown UIInterfaceOrientationLandscapeLeft UIInterfaceOrientationLandscapeRight";
				INFOPLIST_KEY_UISupportedInterfaceOrientations_iPhone = "UIInterfaceOrientationPortrait UIInterfaceOrientationLandscapeLeft UIInterfaceOrientationLandscapeRight";
				IPHONEOS_DEPLOYMENT_TARGET = 16.4;
				LD_RUNPATH_SEARCH_PATHS = "@executable_path/Frameworks";
				"LD_RUNPATH_SEARCH_PATHS[sdk=macosx*]" = "@executable_path/../Frameworks";
				MACOSX_DEPLOYMENT_TARGET = 13.3;
				MARKETING_VERSION = 1.0;
				PRODUCT_BUNDLE_IDENTIFIER = vn.edu.rmit.SocialMediaApp;
				PRODUCT_NAME = "$(TARGET_NAME)";
				SDKROOT = auto;
				SUPPORTED_PLATFORMS = "iphoneos iphonesimulator macosx";
				SWIFT_EMIT_LOC_STRINGS = YES;
				SWIFT_VERSION = 5.0;
				TARGETED_DEVICE_FAMILY = "1,2";
			};
			name = Debug;
		};
		BA8F0F392AB04A600061A69A /* Release */ = {
			isa = XCBuildConfiguration;
			buildSettings = {
				ASSETCATALOG_COMPILER_APPICON_NAME = AppIcon;
				ASSETCATALOG_COMPILER_GLOBAL_ACCENT_COLOR_NAME = AccentColor;
				CODE_SIGN_ENTITLEMENTS = SocialMediaApp/SocialMediaApp.entitlements;
				CODE_SIGN_STYLE = Automatic;
				CURRENT_PROJECT_VERSION = 1;
				DEVELOPMENT_ASSET_PATHS = "\"SocialMediaApp/Preview Content\"";
				DEVELOPMENT_TEAM = "";
				ENABLE_HARDENED_RUNTIME = YES;
				ENABLE_PREVIEWS = YES;
				GENERATE_INFOPLIST_FILE = YES;
				"INFOPLIST_KEY_UIApplicationSceneManifest_Generation[sdk=iphoneos*]" = YES;
				"INFOPLIST_KEY_UIApplicationSceneManifest_Generation[sdk=iphonesimulator*]" = YES;
				"INFOPLIST_KEY_UIApplicationSupportsIndirectInputEvents[sdk=iphoneos*]" = YES;
				"INFOPLIST_KEY_UIApplicationSupportsIndirectInputEvents[sdk=iphonesimulator*]" = YES;
				"INFOPLIST_KEY_UILaunchScreen_Generation[sdk=iphoneos*]" = YES;
				"INFOPLIST_KEY_UILaunchScreen_Generation[sdk=iphonesimulator*]" = YES;
				"INFOPLIST_KEY_UIStatusBarStyle[sdk=iphoneos*]" = UIStatusBarStyleDefault;
				"INFOPLIST_KEY_UIStatusBarStyle[sdk=iphonesimulator*]" = UIStatusBarStyleDefault;
				INFOPLIST_KEY_UISupportedInterfaceOrientations_iPad = "UIInterfaceOrientationPortrait UIInterfaceOrientationPortraitUpsideDown UIInterfaceOrientationLandscapeLeft UIInterfaceOrientationLandscapeRight";
				INFOPLIST_KEY_UISupportedInterfaceOrientations_iPhone = "UIInterfaceOrientationPortrait UIInterfaceOrientationLandscapeLeft UIInterfaceOrientationLandscapeRight";
				IPHONEOS_DEPLOYMENT_TARGET = 16.4;
				LD_RUNPATH_SEARCH_PATHS = "@executable_path/Frameworks";
				"LD_RUNPATH_SEARCH_PATHS[sdk=macosx*]" = "@executable_path/../Frameworks";
				MACOSX_DEPLOYMENT_TARGET = 13.3;
				MARKETING_VERSION = 1.0;
				PRODUCT_BUNDLE_IDENTIFIER = vn.edu.rmit.SocialMediaApp;
				PRODUCT_NAME = "$(TARGET_NAME)";
				SDKROOT = auto;
				SUPPORTED_PLATFORMS = "iphoneos iphonesimulator macosx";
				SWIFT_EMIT_LOC_STRINGS = YES;
				SWIFT_VERSION = 5.0;
				TARGETED_DEVICE_FAMILY = "1,2";
			};
			name = Release;
		};
/* End XCBuildConfiguration section */

/* Begin XCConfigurationList section */
		BA8F0F232AB04A5E0061A69A /* Build configuration list for PBXProject "SocialMediaApp" */ = {
			isa = XCConfigurationList;
			buildConfigurations = (
				BA8F0F352AB04A600061A69A /* Debug */,
				BA8F0F362AB04A600061A69A /* Release */,
			);
			defaultConfigurationIsVisible = 0;
			defaultConfigurationName = Release;
		};
		BA8F0F372AB04A600061A69A /* Build configuration list for PBXNativeTarget "SocialMediaApp" */ = {
			isa = XCConfigurationList;
			buildConfigurations = (
				BA8F0F382AB04A600061A69A /* Debug */,
				BA8F0F392AB04A600061A69A /* Release */,
			);
			defaultConfigurationIsVisible = 0;
			defaultConfigurationName = Release;
		};
/* End XCConfigurationList section */

/* Begin XCRemoteSwiftPackageReference section */
		BA8F0F3D2AB1921B0061A69A /* XCRemoteSwiftPackageReference "firebase-ios-sdk" */ = {
			isa = XCRemoteSwiftPackageReference;
			repositoryURL = "https://github.com/firebase/firebase-ios-sdk";
			requirement = {
				kind = upToNextMajorVersion;
				minimumVersion = 10.0.0;
			};
		};
/* End XCRemoteSwiftPackageReference section */

/* Begin XCSwiftPackageProductDependency section */
		BA8F0F3E2AB1921B0061A69A /* FirebaseAuth */ = {
			isa = XCSwiftPackageProductDependency;
			package = BA8F0F3D2AB1921B0061A69A /* XCRemoteSwiftPackageReference "firebase-ios-sdk" */;
			productName = FirebaseAuth;
		};
		BA8F0F402AB1921B0061A69A /* FirebaseDatabase */ = {
			isa = XCSwiftPackageProductDependency;
			package = BA8F0F3D2AB1921B0061A69A /* XCRemoteSwiftPackageReference "firebase-ios-sdk" */;
			productName = FirebaseDatabase;
		};
		BA8F0F422AB1921C0061A69A /* FirebaseDatabaseSwift */ = {
			isa = XCSwiftPackageProductDependency;
			package = BA8F0F3D2AB1921B0061A69A /* XCRemoteSwiftPackageReference "firebase-ios-sdk" */;
			productName = FirebaseDatabaseSwift;
		};
		BA8F0F442AB1921C0061A69A /* FirebaseFirestore */ = {
			isa = XCSwiftPackageProductDependency;
			package = BA8F0F3D2AB1921B0061A69A /* XCRemoteSwiftPackageReference "firebase-ios-sdk" */;
			productName = FirebaseFirestore;
		};
		BA8F0F462AB1921C0061A69A /* FirebaseFirestoreCombine-Community */ = {
			isa = XCSwiftPackageProductDependency;
			package = BA8F0F3D2AB1921B0061A69A /* XCRemoteSwiftPackageReference "firebase-ios-sdk" */;
			productName = "FirebaseFirestoreCombine-Community";
		};
		BA8F0F482AB1921C0061A69A /* FirebaseFirestoreSwift */ = {
			isa = XCSwiftPackageProductDependency;
			package = BA8F0F3D2AB1921B0061A69A /* XCRemoteSwiftPackageReference "firebase-ios-sdk" */;
			productName = FirebaseFirestoreSwift;
		};
		BA8F0F4A2AB1921C0061A69A /* FirebaseStorage */ = {
			isa = XCSwiftPackageProductDependency;
			package = BA8F0F3D2AB1921B0061A69A /* XCRemoteSwiftPackageReference "firebase-ios-sdk" */;
			productName = FirebaseStorage;
		};
		BA8F0F4C2AB1921C0061A69A /* FirebaseStorageCombine-Community */ = {
			isa = XCSwiftPackageProductDependency;
			package = BA8F0F3D2AB1921B0061A69A /* XCRemoteSwiftPackageReference "firebase-ios-sdk" */;
			productName = "FirebaseStorageCombine-Community";
		};
/* End XCSwiftPackageProductDependency section */
	};
	rootObject = BA8F0F202AB04A5E0061A69A /* Project object */;
}
